version = 1
revision = 3
requires-python = ">=3.13"

[[package]]
name = "gelf-packets-producer"
version = "0.1.0"
source = { virtual = "." }
dependencies = [
    { name = "pygelf" },
]

[package.metadata]
requires-dist = [{ name = "pygelf", specifier = ">=0.4.3" }]

[[package]]
name = "pygelf"
version = "0.4.3"
source = { registry = "https://pypi.org/simple" }
sdist = { url = "https://files.pythonhosted.org/packages/49/91/ac1605bb40092ae41fbb833ee55447f72e19ce5459efa6bd3beecc67e971/pygelf-0.4.3.tar.gz", hash = "sha256:8ed972563be3c8f168483f01dbf522b6bc697959c97a3f4881324b3f79638911", size = 11017, upload-time = "2025-06-14T19:21:19.832Z" }
wheels = [
    { url = "https://files.pythonhosted.org/packages/d4/ee/ebac3de919431912e0be380fafd01059a091a489f6b5d7896c2a04548895/pygelf-0.4.3-py3-none-any.whl", hash = "sha256:0876c99a77f9f021834982c9808205b3239fabf5886788d701f31b495b65c8ae", size = 8750, upload-time = "2025-06-14T19:21:16.953Z" },
]
